{
  "nodes": {
    "castore": {
      "inputs": {
        "flake-parts": "flake-parts_3",
        "nixpkgs": [
          "riot",
          "nixpkgs"
        ]
      },
      "locked": {
        "lastModified": 1710462792,
        "narHash": "sha256-rFzcFkDOc3BJY4e6LixRoPVT3or0mel/4IyemCSip7I=",
        "owner": "suri-framework",
        "repo": "castore",
        "rev": "ac1f1a47141e95d8f2c2c9f340df57ad8232b952",
        "type": "github"
      },
      "original": {
        "owner": "suri-framework",
        "repo": "castore",
        "type": "github"
      }
    },
    "colors": {
      "inputs": {
        "flake-parts": "flake-parts",
        "nixpkgs": [
          "nixpkgs"
        ]
      },
      "locked": {
        "lastModified": 1709058261,
        "narHash": "sha256-bjfh6Fnuk6ik0Q/lzpXtzjR1QqLaoR6tfayMr7SuOT8=",
        "owner": "ocaml-tui",
        "repo": "colors",
        "rev": "f28fa132d3d1a89adae25033167a9968634c9f08",
        "type": "github"
      },
      "original": {
        "owner": "ocaml-tui",
        "repo": "colors",
        "type": "github"
      }
    },
    "config": {
      "inputs": {
        "flake-parts": "flake-parts_4",
        "minttea": [
          "riot",
          "minttea"
        ],
        "nixpkgs": [
          "riot",
          "nixpkgs"
        ]
      },
      "locked": {
        "lastModified": 1710593205,
        "narHash": "sha256-SIRKN/fLUWojsqHKtb9jrtz0hcsFHSZYK6Jf6nzq+Jo=",
        "owner": "ocaml-sys",
        "repo": "config.ml",
        "rev": "d248987cc1795de99d3735c06635dbd355d4d642",
        "type": "github"
      },
      "original": {
        "owner": "ocaml-sys",
        "repo": "config.ml",
        "type": "github"
      }
    },
    "flake-parts": {
      "inputs": {
        "nixpkgs-lib": "nixpkgs-lib"
      },
      "locked": {
        "lastModified": 1706830856,
        "narHash": "sha256-a0NYyp+h9hlb7ddVz4LUn1vT/PLwqfrWYcHMvFB1xYg=",
        "owner": "hercules-ci",
        "repo": "flake-parts",
        "rev": "b253292d9c0a5ead9bc98c4e9a26c6312e27d69f",
        "type": "github"
      },
      "original": {
        "id": "flake-parts",
        "type": "indirect"
      }
    },
    "flake-parts_2": {
      "inputs": {
        "nixpkgs-lib": "nixpkgs-lib_2"
      },
      "locked": {
        "lastModified": 1709336216,
        "narHash": "sha256-Dt/wOWeW6Sqm11Yh+2+t0dfEWxoMxGBvv3JpIocFl9E=",
        "owner": "hercules-ci",
        "repo": "flake-parts",
        "rev": "f7b3c975cf067e56e7cda6cb098ebe3fb4d74ca2",
        "type": "github"
      },
      "original": {
        "id": "flake-parts",
        "type": "indirect"
      }
    },
    "flake-parts_3": {
      "inputs": {
        "nixpkgs-lib": "nixpkgs-lib_3"
      },
      "locked": {
        "lastModified": 1706830856,
        "narHash": "sha256-a0NYyp+h9hlb7ddVz4LUn1vT/PLwqfrWYcHMvFB1xYg=",
        "owner": "hercules-ci",
        "repo": "flake-parts",
        "rev": "b253292d9c0a5ead9bc98c4e9a26c6312e27d69f",
        "type": "github"
      },
      "original": {
        "id": "flake-parts",
        "type": "indirect"
      }
    },
    "flake-parts_4": {
      "inputs": {
        "nixpkgs-lib": "nixpkgs-lib_4"
      },
      "locked": {
        "lastModified": 1709336216,
        "narHash": "sha256-Dt/wOWeW6Sqm11Yh+2+t0dfEWxoMxGBvv3JpIocFl9E=",
        "owner": "hercules-ci",
        "repo": "flake-parts",
        "rev": "f7b3c975cf067e56e7cda6cb098ebe3fb4d74ca2",
        "type": "github"
      },
      "original": {
        "id": "flake-parts",
        "type": "indirect"
      }
    },
    "flake-parts_5": {
      "inputs": {
        "nixpkgs-lib": "nixpkgs-lib_5"
      },
      "locked": {
        "lastModified": 1709336216,
        "narHash": "sha256-Dt/wOWeW6Sqm11Yh+2+t0dfEWxoMxGBvv3JpIocFl9E=",
        "owner": "hercules-ci",
        "repo": "flake-parts",
        "rev": "f7b3c975cf067e56e7cda6cb098ebe3fb4d74ca2",
        "type": "github"
      },
      "original": {
        "id": "flake-parts",
        "type": "indirect"
      }
    },
    "flake-parts_6": {
      "inputs": {
        "nixpkgs-lib": "nixpkgs-lib_6"
      },
      "locked": {
        "lastModified": 1709336216,
        "narHash": "sha256-Dt/wOWeW6Sqm11Yh+2+t0dfEWxoMxGBvv3JpIocFl9E=",
        "owner": "hercules-ci",
        "repo": "flake-parts",
        "rev": "f7b3c975cf067e56e7cda6cb098ebe3fb4d74ca2",
        "type": "github"
      },
      "original": {
        "id": "flake-parts",
        "type": "indirect"
      }
    },
    "flake-parts_7": {
      "inputs": {
        "nixpkgs-lib": "nixpkgs-lib_7"
      },
      "locked": {
        "lastModified": 1709336216,
        "narHash": "sha256-Dt/wOWeW6Sqm11Yh+2+t0dfEWxoMxGBvv3JpIocFl9E=",
        "owner": "hercules-ci",
        "repo": "flake-parts",
        "rev": "f7b3c975cf067e56e7cda6cb098ebe3fb4d74ca2",
        "type": "github"
      },
      "original": {
        "id": "flake-parts",
        "type": "indirect"
      }
    },
    "flake-parts_8": {
      "inputs": {
        "nixpkgs-lib": "nixpkgs-lib_8"
      },
      "locked": {
        "lastModified": 1706830856,
        "narHash": "sha256-a0NYyp+h9hlb7ddVz4LUn1vT/PLwqfrWYcHMvFB1xYg=",
        "owner": "hercules-ci",
        "repo": "flake-parts",
        "rev": "b253292d9c0a5ead9bc98c4e9a26c6312e27d69f",
        "type": "github"
      },
      "original": {
        "id": "flake-parts",
        "type": "indirect"
      }
    },
    "flake-parts_9": {
      "inputs": {
        "nixpkgs-lib": "nixpkgs-lib_9"
      },
      "locked": {
        "lastModified": 1706830856,
        "narHash": "sha256-a0NYyp+h9hlb7ddVz4LUn1vT/PLwqfrWYcHMvFB1xYg=",
        "owner": "hercules-ci",
        "repo": "flake-parts",
        "rev": "b253292d9c0a5ead9bc98c4e9a26c6312e27d69f",
        "type": "github"
      },
      "original": {
        "id": "flake-parts",
        "type": "indirect"
      }
    },
    "libc": {
      "inputs": {
        "config": [
          "riot",
          "config"
        ],
        "flake-parts": "flake-parts_6",
        "nixpkgs": [
          "riot",
          "nixpkgs"
        ]
      },
      "locked": {
        "lastModified": 1710787167,
        "narHash": "sha256-ldTWZNEXhcGCNqiOJ8Y+wd21izmp1xo1CC9bCd8pyYg=",
        "owner": "ocaml-sys",
        "repo": "libc.ml",
        "rev": "fdefecf9cdcc19c78c405f3d2c2530cf94d9b9b2",
        "type": "github"
      },
      "original": {
        "owner": "ocaml-sys",
        "repo": "libc.ml",
        "type": "github"
      }
    },
    "nixpkgs": {
      "locked": {
        "lastModified": 1710631334,
        "narHash": "sha256-rL5LSYd85kplL5othxK5lmAtjyMOBg390sGBTb3LRMM=",
        "owner": "NixOS",
        "repo": "nixpkgs",
        "rev": "c75037bbf9093a2acb617804ee46320d6d1fea5a",
        "type": "github"
      },
      "original": {
        "owner": "NixOS",
        "ref": "nixos-unstable",
        "repo": "nixpkgs",
        "type": "github"
      }
    },
    "nixpkgs-lib": {
      "locked": {
        "dir": "lib",
        "lastModified": 1706550542,
        "narHash": "sha256-UcsnCG6wx++23yeER4Hg18CXWbgNpqNXcHIo5/1Y+hc=",
        "owner": "NixOS",
        "repo": "nixpkgs",
        "rev": "97b17f32362e475016f942bbdfda4a4a72a8a652",
        "type": "github"
      },
      "original": {
        "dir": "lib",
        "owner": "NixOS",
        "ref": "nixos-unstable",
        "repo": "nixpkgs",
        "type": "github"
      }
    },
    "nixpkgs-lib_2": {
      "locked": {
        "dir": "lib",
        "lastModified": 1709237383,
        "narHash": "sha256-cy6ArO4k5qTx+l5o+0mL9f5fa86tYUX3ozE1S+Txlds=",
        "owner": "NixOS",
        "repo": "nixpkgs",
        "rev": "1536926ef5621b09bba54035ae2bb6d806d72ac8",
        "type": "github"
      },
      "original": {
        "dir": "lib",
        "owner": "NixOS",
        "ref": "nixos-unstable",
        "repo": "nixpkgs",
        "type": "github"
      }
    },
    "nixpkgs-lib_3": {
      "locked": {
        "dir": "lib",
        "lastModified": 1706550542,
        "narHash": "sha256-UcsnCG6wx++23yeER4Hg18CXWbgNpqNXcHIo5/1Y+hc=",
        "owner": "NixOS",
        "repo": "nixpkgs",
        "rev": "97b17f32362e475016f942bbdfda4a4a72a8a652",
        "type": "github"
      },
      "original": {
        "dir": "lib",
        "owner": "NixOS",
        "ref": "nixos-unstable",
        "repo": "nixpkgs",
        "type": "github"
      }
    },
    "nixpkgs-lib_4": {
      "locked": {
        "dir": "lib",
        "lastModified": 1709237383,
        "narHash": "sha256-cy6ArO4k5qTx+l5o+0mL9f5fa86tYUX3ozE1S+Txlds=",
        "owner": "NixOS",
        "repo": "nixpkgs",
        "rev": "1536926ef5621b09bba54035ae2bb6d806d72ac8",
        "type": "github"
      },
      "original": {
        "dir": "lib",
        "owner": "NixOS",
        "ref": "nixos-unstable",
        "repo": "nixpkgs",
        "type": "github"
      }
    },
    "nixpkgs-lib_5": {
      "locked": {
        "dir": "lib",
        "lastModified": 1709237383,
        "narHash": "sha256-cy6ArO4k5qTx+l5o+0mL9f5fa86tYUX3ozE1S+Txlds=",
        "owner": "NixOS",
        "repo": "nixpkgs",
        "rev": "1536926ef5621b09bba54035ae2bb6d806d72ac8",
        "type": "github"
      },
      "original": {
        "dir": "lib",
        "owner": "NixOS",
        "ref": "nixos-unstable",
        "repo": "nixpkgs",
        "type": "github"
      }
    },
    "nixpkgs-lib_6": {
      "locked": {
        "dir": "lib",
        "lastModified": 1709237383,
        "narHash": "sha256-cy6ArO4k5qTx+l5o+0mL9f5fa86tYUX3ozE1S+Txlds=",
        "owner": "NixOS",
        "repo": "nixpkgs",
        "rev": "1536926ef5621b09bba54035ae2bb6d806d72ac8",
        "type": "github"
      },
      "original": {
        "dir": "lib",
        "owner": "NixOS",
        "ref": "nixos-unstable",
        "repo": "nixpkgs",
        "type": "github"
      }
    },
    "nixpkgs-lib_7": {
      "locked": {
        "dir": "lib",
        "lastModified": 1709237383,
        "narHash": "sha256-cy6ArO4k5qTx+l5o+0mL9f5fa86tYUX3ozE1S+Txlds=",
        "owner": "NixOS",
        "repo": "nixpkgs",
        "rev": "1536926ef5621b09bba54035ae2bb6d806d72ac8",
        "type": "github"
      },
      "original": {
        "dir": "lib",
        "owner": "NixOS",
        "ref": "nixos-unstable",
        "repo": "nixpkgs",
        "type": "github"
      }
    },
    "nixpkgs-lib_8": {
      "locked": {
        "dir": "lib",
        "lastModified": 1706550542,
        "narHash": "sha256-UcsnCG6wx++23yeER4Hg18CXWbgNpqNXcHIo5/1Y+hc=",
        "owner": "NixOS",
        "repo": "nixpkgs",
        "rev": "97b17f32362e475016f942bbdfda4a4a72a8a652",
        "type": "github"
      },
      "original": {
        "dir": "lib",
        "owner": "NixOS",
        "ref": "nixos-unstable",
        "repo": "nixpkgs",
        "type": "github"
      }
    },
    "nixpkgs-lib_9": {
      "locked": {
        "dir": "lib",
        "lastModified": 1706550542,
        "narHash": "sha256-UcsnCG6wx++23yeER4Hg18CXWbgNpqNXcHIo5/1Y+hc=",
        "owner": "NixOS",
        "repo": "nixpkgs",
        "rev": "97b17f32362e475016f942bbdfda4a4a72a8a652",
        "type": "github"
      },
      "original": {
        "dir": "lib",
        "owner": "NixOS",
        "ref": "nixos-unstable",
        "repo": "nixpkgs",
        "type": "github"
      }
    },
    "rio": {
      "inputs": {
        "flake-parts": "flake-parts_7",
        "nixpkgs": [
          "riot",
          "nixpkgs"
        ]
      },
      "locked": {
        "lastModified": 1709586140,
        "narHash": "sha256-Hshgl/KMQkUMZRckLwaSt7DTt8e4Mnpno1A+K4v1cd0=",
        "owner": "riot-ml",
        "repo": "rio",
        "rev": "7ab19eed42dff300c2b06351685cb4a5c98932e9",
        "type": "github"
      },
      "original": {
        "owner": "riot-ml",
        "repo": "rio",
        "type": "github"
      }
    },
    "riot": {
      "inputs": {
        "castore": "castore",
        "config": "config",
        "flake-parts": "flake-parts_5",
        "libc": "libc",
        "minttea": [],
        "nixpkgs": [
          "nixpkgs"
        ],
        "rio": "rio",
        "telemetry": "telemetry"
      },
      "locked": {
        "lastModified": 1710787981,
        "narHash": "sha256-/PcWNdC8PUQbcagErbk+NBMtab8n8uNqf5jKMv75lVs=",
        "owner": "riot-ml",
        "repo": "riot",
        "rev": "755d83927cda73f68de0401125e5f0c3d42979f4",
        "type": "github"
      },
      "original": {
        "owner": "riot-ml",
        "repo": "riot",
        "type": "github"
      }
    },
    "root": {
      "inputs": {
        "colors": "colors",
        "flake-parts": "flake-parts_2",
        "nixpkgs": "nixpkgs",
        "riot": "riot",
        "tty": "tty"
      }
    },
    "telemetry": {
      "inputs": {
        "flake-parts": "flake-parts_8",
        "nixpkgs": [
          "riot",
          "nixpkgs"
        ]
      },
      "locked": {
        "lastModified": 1709064376,
        "narHash": "sha256-A0ir1Vx7eDV9D1l3SCktdGW0ZRBgIs49zST70H9qLaQ=",
        "owner": "leostera",
        "repo": "telemetry",
        "rev": "5fdb002c6f61f012e4bf767892bb31dc6f7fc6f8",
        "type": "github"
      },
      "original": {
        "owner": "leostera",
        "repo": "telemetry",
        "type": "github"
      }
    },
    "tty": {
      "inputs": {
        "flake-parts": "flake-parts_9",
        "nixpkgs": [
          "nixpkgs"
        ]
      },
      "locked": {
        "lastModified": 1709058307,
        "narHash": "sha256-GT+fsbIw64+SVZGkkCi2uX1HcWIvt0iRZkkPV6qwVl4=",
        "owner": "ocaml-tui",
        "repo": "tty",
        "rev": "d9fad1057a21961eb40564611545a1e0700bc7b3",
        "type": "github"
      },
      "original": {
        "owner": "ocaml-tui",
        "repo": "tty",
        "type": "github"
      }
    }
  },
  "root": "root",
  "version": 7
}
